GEM
  remote: https://rubygems.org/
  specs:
    minitest (5.20.0)
    mutex_m (0.2.0)
    psych (5.1.2)
      stringio
    rake (13.3.1)
    rake-compiler (1.3.1)
      rake
    rdoc (6.6.2)
      psych (>= 4.0.0)
    stringio (3.1.0)

PLATFORMS
  ruby
  x86_64-linux

DEPENDENCIES
  minitest
  mutex_m
  rake-compiler
  rdoc

CHECKSUMS
  minitest (5.20.0) sha256=a3faf26a757ced073aaae0bd10481340f53e221a4f50d8a6033591555374752e
  mutex_m (0.2.0) sha256=b6ef0c6c842ede846f2ec0ade9e266b1a9dac0bc151682b04835e8ebd54840d5
  psych (5.1.2) sha256=337322f58fc2bf24827d2b9bd5ab595f6a72971867d151bb39980060ea40a368
  rake (13.3.1) sha256=8c9e89d09f66a26a01264e7e3480ec0607f0c497a861ef16063604b1b08eb19c
  rake-compiler (1.3.1) sha256=6b351612b6e2d73ddd5563ee799bb58685176e05363db6758504bd11573d670a
  rdoc (6.6.2) sha256=f763dbec81079236bcccded19d69680471bd55da8f731ea6f583d019dacd9693
  stringio (3.1.0) sha256=c1f6263ae03a15025e51194ab19b06b15e06adcaaedb7f5f6c06ab60f5d67718

RUBY VERSION
  ruby 3.3.0

BUNDLED WITH
  4.0.7
